
Microsoft Visual Studio Solution File, Format Version 12.00
# Visual Studio 15
VisualStudioVersion = 15.0.27130.2027
MinimumVisualStudioVersion = 10.0.40219.1
Project("{FAE04EC0-301F-11D3-BF4B-00C04F79EFBC}") = "SayiTahminYarismasi", "SayiTahminYarismasi\SayiTahminYarismasi.csproj", "{A578A3A6-0338-4B5C-927B-8D267E60A63C}"
EndProject
Global
	GlobalSection(SolutionConfigurationPlatforms) = preSolution
		Debug|Any CPU = Debug|Any CPU
		Release|Any CPU = Release|Any CPU
	EndGlobalSection
	GlobalSection(ProjectConfigurationPlatforms) = postSolution
		{A578A3A6-0338-4B5C-927B-8D267E60A63C}.Debug|Any CPU.ActiveCfg = Debug|Any CPU
		{A578A3A6-0338-4B5C-927B-8D267E60A63C}.Debug|Any CPU.Build.0 = Debug|Any CPU
		{A578A3A6-0338-4B5C-927B-8D267E60A63C}.Release|Any CPU.ActiveCfg = Release|Any CPU
		{A578A3A6-0338-4B5C-927B-8D267E60A63C}.Release|Any CPU.Build.0 = Release|Any CPU
	EndGlobalSection
	GlobalSection(SolutionProperties) = preSolution
		HideSolutionNode = FALSE
	EndGlobalSection
	GlobalSection(ExtensibilityGlobals) = postSolution
		SolutionGuid = {E9168DF3-D727-4513-BEEA-4EB4169FD10A}
	EndGlobalSection
EndGlobal
